
Microsoft Visual Studio Solution File, Format Version 12.00
# Visual Studio Version 16
VisualStudioVersion = 16.0.31829.152
MinimumVisualStudioVersion = 10.0.40219.1
Project("{FAE04EC0-301F-11D3-BF4B-00C04F79EFBC}") = "SmartFlow.DAL", "SmartFlow.DAL\SmartFlow.DAL.csproj", "{8680D5D3-2FC1-4BCC-9F37-663DB54CCE47}"
EndProject
Project("{FAE04EC0-301F-11D3-BF4B-00C04F79EFBC}") = "SmartFlow.BLL", "SmartFlow.BLL\SmartFlow.BLL.csproj", "{C044B8FB-625B-4D8B-BD4A-17B6E450F798}"
EndProject
Global
	GlobalSection(SolutionConfigurationPlatforms) = preSolution
		Debug|Any CPU = Debug|Any CPU
		Release|Any CPU = Release|Any CPU
	EndGlobalSection
	GlobalSection(ProjectConfigurationPlatforms) = postSolution
		{8680D5D3-2FC1-4BCC-9F37-663DB54CCE47}.Debug|Any CPU.ActiveCfg = Debug|Any CPU
		{8680D5D3-2FC1-4BCC-9F37-663DB54CCE47}.Debug|Any CPU.Build.0 = Debug|Any CPU
		{8680D5D3-2FC1-4BCC-9F37-663DB54CCE47}.Release|Any CPU.ActiveCfg = Release|Any CPU
		{8680D5D3-2FC1-4BCC-9F37-663DB54CCE47}.Release|Any CPU.Build.0 = Release|Any CPU
		{C044B8FB-625B-4D8B-BD4A-17B6E450F798}.Debug|Any CPU.ActiveCfg = Debug|Any CPU
		{C044B8FB-625B-4D8B-BD4A-17B6E450F798}.Debug|Any CPU.Build.0 = Debug|Any CPU
		{C044B8FB-625B-4D8B-BD4A-17B6E450F798}.Release|Any CPU.ActiveCfg = Release|Any CPU
		{C044B8FB-625B-4D8B-BD4A-17B6E450F798}.Release|Any CPU.Build.0 = Release|Any CPU
	EndGlobalSection
	GlobalSection(SolutionProperties) = preSolution
		HideSolutionNode = FALSE
	EndGlobalSection
	GlobalSection(ExtensibilityGlobals) = postSolution
		SolutionGuid = {FB97A683-4E7F-43FE-B9E2-A017909A7750}
	EndGlobalSection
EndGlobal
